
Microsoft Visual Studio Solution File, Format Version 12.00
# Visual Studio Version 17
VisualStudioVersion = 17.6.33829.357
MinimumVisualStudioVersion = 10.0.40219.1
Project("{FAE04EC0-301F-11D3-BF4B-00C04F79EFBC}") = "OOP5", "OOP5\OOP5.csproj", "{94256CB8-3B6C-4455-99DB-0D5675605B19}"
EndProject
Global
	GlobalSection(SolutionConfigurationPlatforms) = preSolution
		Debug|Any CPU = Debug|Any CPU
		Release|Any CPU = Release|Any CPU
	EndGlobalSection
	GlobalSection(ProjectConfigurationPlatforms) = postSolution
		{94256CB8-3B6C-4455-99DB-0D5675605B19}.Debug|Any CPU.ActiveCfg = Debug|Any CPU
		{94256CB8-3B6C-4455-99DB-0D5675605B19}.Debug|Any CPU.Build.0 = Debug|Any CPU
		{94256CB8-3B6C-4455-99DB-0D5675605B19}.Release|Any CPU.ActiveCfg = Release|Any CPU
		{94256CB8-3B6C-4455-99DB-0D5675605B19}.Release|Any CPU.Build.0 = Release|Any CPU
	EndGlobalSection
	GlobalSection(SolutionProperties) = preSolution
		HideSolutionNode = FALSE
	EndGlobalSection
	GlobalSection(ExtensibilityGlobals) = postSolution
		SolutionGuid = {69303917-D6AF-4B26-A75E-8974B43333E3}
	EndGlobalSection
EndGlobal
